<?xml version="1.0" encoding="utf-8"?>
<Project ToolsVersion="4.0" xmlns="http://schemas.microsoft.com/developer/msbuild/2003">
  <ItemGroup>
    <Filter Include="Source Files">
      <UniqueIdentifier>{4FC737F1-C7A5-4376-A066-2A32D752A2FF}</UniqueIdentifier>
      <Extensions>cpp;c;cc;cxx;c++;cppm;ixx;def;odl;idl;hpj;bat;asm;asmx</Extensions>
    </Filter>
    <Filter Include="Header Files">
      <UniqueIdentifier>{93995380-89BD-4b04-88EB-625FBE52EBFB}</UniqueIdentifier>
      <Extensions>h;hh;hpp;hxx;h++;hm;inl;inc;ipp;xsd</Extensions>
    </Filter>
    <Filter Include="Resource Files">
      <UniqueIdentifier>{67DA6AB6-F800-4c08-8B7A-83BB121AAD01}</UniqueIdentifier>
      <Extensions>rc;ico;cur;bmp;dlg;rc2;rct;bin;rgs;gif;jpg;jpeg;jpe;resx;tiff;tif;png;wav;mfcribbon-ms</Extensions>
    </Filter>
    <Filter Include="Source Files\Components">
      <UniqueIdentifier>{0e28c4dd-f088-40b8-b085-0adb9b816f64}</UniqueIdentifier>
    </Filter>
    <Filter Include="Header Files\Components">
      <UniqueIdentifier>{ff84381c-c682-49be-811d-1dcabc1e43ff}</UniqueIdentifier>
    </Filter>
    <Filter Include="Header Files\Character">
      <UniqueIdentifier>{d02561e6-9fa5-4cb7-874d-929903e825c6}</UniqueIdentifier>
    </Filter>
    <Filter Include="Header Files\Components\Health">
      <UniqueIdentifier>{bc14317d-3122-4f05-b4f6-5bba2464476e}</UniqueIdentifier>
    </Filter>
    <Filter Include="Source Files\Components\Health">
      <UniqueIdentifier>{8c731249-09af-4e1b-aadb-1bbe3f58708a}</UniqueIdentifier>
    </Filter>
    <Filter Include="Source Files\Character">
      <UniqueIdentifier>{22aa07e0-3922-42ab-9598-edca3b76cbf2}</UniqueIdentifier>
    </Filter>
    <Filter Include="Source Files\Core">
      <UniqueIdentifier>{99988039-92a8-4dc7-a698-39b707200ea6}</UniqueIdentifier>
    </Filter>
    <Filter Include="Source Files\Math">
      <UniqueIdentifier>{48b86194-04b8-42c8-9e60-5a94da8da141}</UniqueIdentifier>
    </Filter>
    <Filter Include="Header Files\Math">
      <UniqueIdentifier>{c6f6a4b7-bf32-4eaf-b50a-719afc12fb9c}</UniqueIdentifier>
    </Filter>
    <Filter Include="Header Files\Core">
      <UniqueIdentifier>{d9e10f2c-edd5-40d2-af5c-1d9db7056de0}</UniqueIdentifier>
    </Filter>
  </ItemGroup>
  <ItemGroup>
    <ClCompile Include="GameObject.cpp">
      <Filter>Source Files</Filter>
    </ClCompile>
    <ClCompile Include="CollisionLayer.cpp">
      <Filter>Source Files</Filter>
    </ClCompile>
    <ClCompile Include="ColliderComponent2D.cpp">
      <Filter>Source Files\Components</Filter>
    </ClCompile>
    <ClCompile Include="Component.cpp">
      <Filter>Source Files\Components</Filter>
    </ClCompile>
    <ClCompile Include="PlayerInputComponent.cpp">
      <Filter>Source Files\Components</Filter>
    </ClCompile>
    <ClCompile Include="VelocityComponent.cpp">
      <Filter>Source Files\Components</Filter>
    </ClCompile>
    <ClCompile Include="TiledMap.cpp">
      <Filter>Source Files</Filter>
    </ClCompile>
    <ClCompile Include="Projectile.cpp">
      <Filter>Source Files</Filter>
    </ClCompile>
    <ClCompile Include="HealthComponent.cpp">
      <Filter>Source Files\Components\Health</Filter>
    </ClCompile>
    <ClCompile Include="PlayerHealthComponent.cpp">
      <Filter>Source Files\Components\Health</Filter>
    </ClCompile>
    <ClCompile Include="EnemyHealthComponent.cpp">
      <Filter>Source Files\Components\Health</Filter>
    </ClCompile>
    <ClCompile Include="MathUtils.cpp">
      <Filter>Source Files\Math</Filter>
    </ClCompile>
    <ClCompile Include="main.cpp">
      <Filter>Source Files\Core</Filter>
    </ClCompile>
    <ClCompile Include="GameLoop.cpp">
      <Filter>Source Files\Core</Filter>
    </ClCompile>
    <ClCompile Include="Character.cpp">
      <Filter>Source Files\Character</Filter>
    </ClCompile>
    <ClCompile Include="Enemy.cpp">
      <Filter>Source Files\Character</Filter>
    </ClCompile>
    <ClCompile Include="Player.cpp">
      <Filter>Source Files\Character</Filter>
    </ClCompile>
    <ClCompile Include="ECSManager.cpp">
      <Filter>Source Files\Components</Filter>
    </ClCompile>
    <ClCompile Include="Sprite.cpp">
      <Filter>Source Files\Components</Filter>
    </ClCompile>
    <ClCompile Include="Vector2.cpp">
      <Filter>Source Files\Math</Filter>
    </ClCompile>
    <ClCompile Include="GameObjectSpawner.cpp">
      <Filter>Source Files</Filter>
    </ClCompile>
  </ItemGroup>
  <ItemGroup>
    <ClInclude Include="GameObject.h">
      <Filter>Header Files</Filter>
    </ClInclude>
    <ClInclude Include="CollisionLayer.h">
      <Filter>Header Files</Filter>
    </ClInclude>
    <ClInclude Include="ColliderComponent2D.h">
      <Filter>Header Files\Components</Filter>
    </ClInclude>
    <ClInclude Include="Component.h">
      <Filter>Header Files\Components</Filter>
    </ClInclude>
    <ClInclude Include="PlayerInputComponent.h">
      <Filter>Header Files\Components</Filter>
    </ClInclude>
    <ClInclude Include="VelocityComponent.h">
      <Filter>Header Files\Components</Filter>
    </ClInclude>
    <ClInclude Include="TiledMap.h">
      <Filter>Header Files</Filter>
    </ClInclude>
    <ClInclude Include="Projectile.h">
      <Filter>Header Files</Filter>
    </ClInclude>
    <ClInclude Include="MathUtils.h">
      <Filter>Header Files\Math</Filter>
    </ClInclude>
    <ClInclude Include="Enemy.h">
      <Filter>Header Files\Character</Filter>
    </ClInclude>
    <ClInclude Include="Player.h">
      <Filter>Header Files\Character</Filter>
    </ClInclude>
    <ClInclude Include="Character.h">
      <Filter>Header Files\Character</Filter>
    </ClInclude>
    <ClInclude Include="ECSManager.h">
      <Filter>Header Files\Components</Filter>
    </ClInclude>
    <ClInclude Include="ECS.h">
      <Filter>Header Files\Components</Filter>
    </ClInclude>
    <ClInclude Include="EnemyHealthComponent.h">
      <Filter>Header Files\Components\Health</Filter>
    </ClInclude>
    <ClInclude Include="HealthComponent.h">
      <Filter>Header Files\Components\Health</Filter>
    </ClInclude>
    <ClInclude Include="PlayerHealthComponent.h">
      <Filter>Header Files\Components\Health</Filter>
    </ClInclude>
    <ClInclude Include="Sprite.h">
      <Filter>Header Files\Components</Filter>
    </ClInclude>
    <ClInclude Include="Vector2.h">
      <Filter>Header Files\Math</Filter>
    </ClInclude>
    <ClInclude Include="GameLoop.h">
      <Filter>Header Files\Core</Filter>
    </ClInclude>
    <ClInclude Include="GameObjectSpawner.h">
      <Filter>Header Files</Filter>
    </ClInclude>
  </ItemGroup>
</Project>